
Microsoft Visual Studio Solution File, Format Version 12.00
# Visual Studio Version 17
VisualStudioVersion = 17.0.31903.59
MinimumVisualStudioVersion = 10.0.40219.1
Project("{FAE04EC0-301F-11D3-BF4B-00C04F79EFBC}") = "StudentsAMS", "StudentsAMS\StudentsAMS.csproj", "{C011AA9E-F2E8-4CAE-B937-A62408B3E98A}"
EndProject
Global
	GlobalSection(SolutionConfigurationPlatforms) = preSolution
		Debug|Any CPU = Debug|Any CPU
		Release|Any CPU = Release|Any CPU
	EndGlobalSection
	GlobalSection(ProjectConfigurationPlatforms) = postSolution
		{C011AA9E-F2E8-4CAE-B937-A62408B3E98A}.Debug|Any CPU.ActiveCfg = Debug|Any CPU
		{C011AA9E-F2E8-4CAE-B937-A62408B3E98A}.Debug|Any CPU.Build.0 = Debug|Any CPU
		{C011AA9E-F2E8-4CAE-B937-A62408B3E98A}.Release|Any CPU.ActiveCfg = Release|Any CPU
		{C011AA9E-F2E8-4CAE-B937-A62408B3E98A}.Release|Any CPU.Build.0 = Release|Any CPU
	EndGlobalSection
	GlobalSection(SolutionProperties) = preSolution
		HideSolutionNode = FALSE
	EndGlobalSection
	GlobalSection(ExtensibilityGlobals) = postSolution
		SolutionGuid = {AA049750-A8B3-41E0-A157-25126756BDC9}
	EndGlobalSection
EndGlobal
